
Microsoft Visual Studio Solution File, Format Version 12.00
# Visual Studio 15
Project("{FAE04EC0-301F-11D3-BF4B-00C04F79EFBC}") = "HoursAndMinutes", "HoursAndMinutes\HoursAndMinutes.csproj", "{D07B135B-AE1D-41E4-8755-DEEDB01EFCFA}"
EndProject
Global
	GlobalSection(SolutionConfigurationPlatforms) = preSolution
		Debug|anycpu = Debug|anycpu
		Release|anycpu = Release|anycpu
	EndGlobalSection
	GlobalSection(ProjectConfigurationPlatforms) = postSolution
		{D07B135B-AE1D-41E4-8755-DEEDB01EFCFA}.Debug|anycpu.ActiveCfg = Debug|anycpu
		{D07B135B-AE1D-41E4-8755-DEEDB01EFCFA}.Debug|anycpu.Build.0 = Debug|anycpu
		{D07B135B-AE1D-41E4-8755-DEEDB01EFCFA}.Release|anycpu.ActiveCfg = Release|anycpu
		{D07B135B-AE1D-41E4-8755-DEEDB01EFCFA}.Release|anycpu.Build.0 = Release|anycpu
	EndGlobalSection
EndGlobal
